
Microsoft Visual Studio Solution File, Format Version 12.00
# Visual Studio Version 17
VisualStudioVersion = 17.1.32210.238
MinimumVisualStudioVersion = 10.0.40219.1
Project("{9A19103F-16F7-4668-BE54-9A1E7A4F7556}") = "SpiderApplication", "SpiderApplication\SpiderApplication.csproj", "{5DC9CDB4-0D7B-4986-9430-4E455C41443A}"
EndProject
Project("{9A19103F-16F7-4668-BE54-9A1E7A4F7556}") = "Entities", "Entities\Entities.csproj", "{52394FB3-E5AC-41D0-9E28-53F8064EF761}"
EndProject
Project("{9A19103F-16F7-4668-BE54-9A1E7A4F7556}") = "Utilities", "Utilities\Utilities.csproj", "{57B4F253-3B05-46A1-82BB-2BD1186000E3}"
EndProject
Project("{9A19103F-16F7-4668-BE54-9A1E7A4F7556}") = "UnitTest", "UnitTest\UnitTest.csproj", "{7135954A-5F61-4B79-8117-99B9321058B0}"
EndProject
Project("{9A19103F-16F7-4668-BE54-9A1E7A4F7556}") = "SpiderService", "SpiderService\SpiderService.csproj", "{513F96AE-4750-4DB7-A700-090E77EA0C61}"
EndProject
Project("{9A19103F-16F7-4668-BE54-9A1E7A4F7556}") = "SpiderUI", "SpiderUI\SpiderUI.csproj", "{226AAEC2-2182-483C-8129-DDEAA6B71EBC}"
EndProject
Project("{9A19103F-16F7-4668-BE54-9A1E7A4F7556}") = "DataAPIs", "DataAPIs\DataAPIs.csproj", "{F6253FC8-1515-4616-A041-5B3B65428886}"
EndProject
Project("{FAE04EC0-301F-11D3-BF4B-00C04F79EFBC}") = "BlazorUICommon", "BlazorUICommon\BlazorUICommon.csproj", "{8A283859-1C46-4539-BACD-ECD53BD18DA8}"
EndProject
Global
	GlobalSection(SolutionConfigurationPlatforms) = preSolution
		Debug|Any CPU = Debug|Any CPU
		Release|Any CPU = Release|Any CPU
	EndGlobalSection
	GlobalSection(ProjectConfigurationPlatforms) = postSolution
		{5DC9CDB4-0D7B-4986-9430-4E455C41443A}.Debug|Any CPU.ActiveCfg = Debug|Any CPU
		{5DC9CDB4-0D7B-4986-9430-4E455C41443A}.Debug|Any CPU.Build.0 = Debug|Any CPU
		{5DC9CDB4-0D7B-4986-9430-4E455C41443A}.Release|Any CPU.ActiveCfg = Release|Any CPU
		{5DC9CDB4-0D7B-4986-9430-4E455C41443A}.Release|Any CPU.Build.0 = Release|Any CPU
		{52394FB3-E5AC-41D0-9E28-53F8064EF761}.Debug|Any CPU.ActiveCfg = Debug|Any CPU
		{52394FB3-E5AC-41D0-9E28-53F8064EF761}.Debug|Any CPU.Build.0 = Debug|Any CPU
		{52394FB3-E5AC-41D0-9E28-53F8064EF761}.Release|Any CPU.ActiveCfg = Release|Any CPU
		{52394FB3-E5AC-41D0-9E28-53F8064EF761}.Release|Any CPU.Build.0 = Release|Any CPU
		{57B4F253-3B05-46A1-82BB-2BD1186000E3}.Debug|Any CPU.ActiveCfg = Debug|Any CPU
		{57B4F253-3B05-46A1-82BB-2BD1186000E3}.Debug|Any CPU.Build.0 = Debug|Any CPU
		{57B4F253-3B05-46A1-82BB-2BD1186000E3}.Release|Any CPU.ActiveCfg = Release|Any CPU
		{57B4F253-3B05-46A1-82BB-2BD1186000E3}.Release|Any CPU.Build.0 = Release|Any CPU
		{7135954A-5F61-4B79-8117-99B9321058B0}.Debug|Any CPU.ActiveCfg = Debug|Any CPU
		{7135954A-5F61-4B79-8117-99B9321058B0}.Debug|Any CPU.Build.0 = Debug|Any CPU
		{7135954A-5F61-4B79-8117-99B9321058B0}.Release|Any CPU.ActiveCfg = Release|Any CPU
		{7135954A-5F61-4B79-8117-99B9321058B0}.Release|Any CPU.Build.0 = Release|Any CPU
		{513F96AE-4750-4DB7-A700-090E77EA0C61}.Debug|Any CPU.ActiveCfg = Debug|Any CPU
		{513F96AE-4750-4DB7-A700-090E77EA0C61}.Debug|Any CPU.Build.0 = Debug|Any CPU
		{513F96AE-4750-4DB7-A700-090E77EA0C61}.Release|Any CPU.ActiveCfg = Release|Any CPU
		{513F96AE-4750-4DB7-A700-090E77EA0C61}.Release|Any CPU.Build.0 = Release|Any CPU
		{226AAEC2-2182-483C-8129-DDEAA6B71EBC}.Debug|Any CPU.ActiveCfg = Debug|Any CPU
		{226AAEC2-2182-483C-8129-DDEAA6B71EBC}.Debug|Any CPU.Build.0 = Debug|Any CPU
		{226AAEC2-2182-483C-8129-DDEAA6B71EBC}.Release|Any CPU.ActiveCfg = Release|Any CPU
		{226AAEC2-2182-483C-8129-DDEAA6B71EBC}.Release|Any CPU.Build.0 = Release|Any CPU
		{F6253FC8-1515-4616-A041-5B3B65428886}.Debug|Any CPU.ActiveCfg = Debug|Any CPU
		{F6253FC8-1515-4616-A041-5B3B65428886}.Debug|Any CPU.Build.0 = Debug|Any CPU
		{F6253FC8-1515-4616-A041-5B3B65428886}.Release|Any CPU.ActiveCfg = Release|Any CPU
		{F6253FC8-1515-4616-A041-5B3B65428886}.Release|Any CPU.Build.0 = Release|Any CPU
		{8A283859-1C46-4539-BACD-ECD53BD18DA8}.Debug|Any CPU.ActiveCfg = Debug|Any CPU
		{8A283859-1C46-4539-BACD-ECD53BD18DA8}.Debug|Any CPU.Build.0 = Debug|Any CPU
		{8A283859-1C46-4539-BACD-ECD53BD18DA8}.Release|Any CPU.ActiveCfg = Release|Any CPU
		{8A283859-1C46-4539-BACD-ECD53BD18DA8}.Release|Any CPU.Build.0 = Release|Any CPU
	EndGlobalSection
	GlobalSection(SolutionProperties) = preSolution
		HideSolutionNode = FALSE
	EndGlobalSection
	GlobalSection(ExtensibilityGlobals) = postSolution
		SolutionGuid = {74106AE9-2546-4EBB-8BC3-1D68FEDDAEC9}
	EndGlobalSection
EndGlobal
