
Microsoft Visual Studio Solution File, Format Version 12.00
# Visual Studio Version 17
VisualStudioVersion = 17.1.32210.238
MinimumVisualStudioVersion = 10.0.40219.1
Project("{9A19103F-16F7-4668-BE54-9A1E7A4F7556}") = "SpiderTask", "SpiderTask\SpiderTask.csproj", "{D0DB56D8-C16B-4FB0-8B20-FA8D4BED2480}"
EndProject
Project("{9A19103F-16F7-4668-BE54-9A1E7A4F7556}") = "SpiderApplication", "SpiderApplication\SpiderApplication.csproj", "{5DC9CDB4-0D7B-4986-9430-4E455C41443A}"
EndProject
Project("{9A19103F-16F7-4668-BE54-9A1E7A4F7556}") = "Entities", "Entities\Entities.csproj", "{52394FB3-E5AC-41D0-9E28-53F8064EF761}"
EndProject
Project("{9A19103F-16F7-4668-BE54-9A1E7A4F7556}") = "Utilities", "Utilities\Utilities.csproj", "{57B4F253-3B05-46A1-82BB-2BD1186000E3}"
EndProject
Project("{FAE04EC0-301F-11D3-BF4B-00C04F79EFBC}") = "DataAPI", "DataAPI\DataAPI.csproj", "{16471BD6-9CFD-4B3D-8FB4-3C98F1A55DDB}"
EndProject
Global
	GlobalSection(SolutionConfigurationPlatforms) = preSolution
		Debug|Any CPU = Debug|Any CPU
		Release|Any CPU = Release|Any CPU
	EndGlobalSection
	GlobalSection(ProjectConfigurationPlatforms) = postSolution
		{D0DB56D8-C16B-4FB0-8B20-FA8D4BED2480}.Debug|Any CPU.ActiveCfg = Debug|Any CPU
		{D0DB56D8-C16B-4FB0-8B20-FA8D4BED2480}.Debug|Any CPU.Build.0 = Debug|Any CPU
		{D0DB56D8-C16B-4FB0-8B20-FA8D4BED2480}.Release|Any CPU.ActiveCfg = Release|Any CPU
		{D0DB56D8-C16B-4FB0-8B20-FA8D4BED2480}.Release|Any CPU.Build.0 = Release|Any CPU
		{5DC9CDB4-0D7B-4986-9430-4E455C41443A}.Debug|Any CPU.ActiveCfg = Debug|Any CPU
		{5DC9CDB4-0D7B-4986-9430-4E455C41443A}.Debug|Any CPU.Build.0 = Debug|Any CPU
		{5DC9CDB4-0D7B-4986-9430-4E455C41443A}.Release|Any CPU.ActiveCfg = Release|Any CPU
		{5DC9CDB4-0D7B-4986-9430-4E455C41443A}.Release|Any CPU.Build.0 = Release|Any CPU
		{52394FB3-E5AC-41D0-9E28-53F8064EF761}.Debug|Any CPU.ActiveCfg = Debug|Any CPU
		{52394FB3-E5AC-41D0-9E28-53F8064EF761}.Debug|Any CPU.Build.0 = Debug|Any CPU
		{52394FB3-E5AC-41D0-9E28-53F8064EF761}.Release|Any CPU.ActiveCfg = Release|Any CPU
		{52394FB3-E5AC-41D0-9E28-53F8064EF761}.Release|Any CPU.Build.0 = Release|Any CPU
		{57B4F253-3B05-46A1-82BB-2BD1186000E3}.Debug|Any CPU.ActiveCfg = Debug|Any CPU
		{57B4F253-3B05-46A1-82BB-2BD1186000E3}.Debug|Any CPU.Build.0 = Debug|Any CPU
		{57B4F253-3B05-46A1-82BB-2BD1186000E3}.Release|Any CPU.ActiveCfg = Release|Any CPU
		{57B4F253-3B05-46A1-82BB-2BD1186000E3}.Release|Any CPU.Build.0 = Release|Any CPU
		{16471BD6-9CFD-4B3D-8FB4-3C98F1A55DDB}.Debug|Any CPU.ActiveCfg = Debug|Any CPU
		{16471BD6-9CFD-4B3D-8FB4-3C98F1A55DDB}.Debug|Any CPU.Build.0 = Debug|Any CPU
		{16471BD6-9CFD-4B3D-8FB4-3C98F1A55DDB}.Release|Any CPU.ActiveCfg = Release|Any CPU
		{16471BD6-9CFD-4B3D-8FB4-3C98F1A55DDB}.Release|Any CPU.Build.0 = Release|Any CPU
	EndGlobalSection
	GlobalSection(SolutionProperties) = preSolution
		HideSolutionNode = FALSE
	EndGlobalSection
	GlobalSection(ExtensibilityGlobals) = postSolution
		SolutionGuid = {74106AE9-2546-4EBB-8BC3-1D68FEDDAEC9}
	EndGlobalSection
EndGlobal
